
Microsoft Visual Studio Solution File, Format Version 12.00
# Visual Studio Version 17
VisualStudioVersion = 17.14.37012.4 d17.14
MinimumVisualStudioVersion = 10.0.40219.1
Project("{8BC9CEB8-8B4A-11D0-8D11-00A0C91BC942}") = "Project1", "Project1\Project1.vcxproj", "{12222146-FE18-4409-B4FD-6732C633876D}"
EndProject
Global
	GlobalSection(SolutionConfigurationPlatforms) = preSolution
		Debug|x64 = Debug|x64
		Debug|x86 = Debug|x86
		Release|x64 = Release|x64
		Release|x86 = Release|x86
	EndGlobalSection
	GlobalSection(ProjectConfigurationPlatforms) = postSolution
		{12222146-FE18-4409-B4FD-6732C633876D}.Debug|x64.ActiveCfg = Debug|x64
		{12222146-FE18-4409-B4FD-6732C633876D}.Debug|x64.Build.0 = Debug|x64
		{12222146-FE18-4409-B4FD-6732C633876D}.Debug|x86.ActiveCfg = Debug|Win32
		{12222146-FE18-4409-B4FD-6732C633876D}.Debug|x86.Build.0 = Debug|Win32
		{12222146-FE18-4409-B4FD-6732C633876D}.Release|x64.ActiveCfg = Release|x64
		{12222146-FE18-4409-B4FD-6732C633876D}.Release|x64.Build.0 = Release|x64
		{12222146-FE18-4409-B4FD-6732C633876D}.Release|x86.ActiveCfg = Release|Win32
		{12222146-FE18-4409-B4FD-6732C633876D}.Release|x86.Build.0 = Release|Win32
	EndGlobalSection
	GlobalSection(SolutionProperties) = preSolution
		HideSolutionNode = FALSE
	EndGlobalSection
	GlobalSection(ExtensibilityGlobals) = postSolution
		SolutionGuid = {978EB404-0805-44F2-A27F-87AEB8FA525F}
	EndGlobalSection
EndGlobal
